// !$*UTF8*$!
{
	archiveVersion = 1;
	classes = {
	};
	objectVersion = 50;
	objects = {

/* Begin PBXBuildFile section */
		721CED0826EBAA62007A572F /* Summary+CoreDataClass.swift in Sources */ = {isa = PBXBuildFile; fileRef = 721CED0626EBAA62007A572F /* Summary+CoreDataClass.swift */; };
		721CED0926EBAA62007A572F /* Summary+CoreDataProperties.swift in Sources */ = {isa = PBXBuildFile; fileRef = 721CED0726EBAA62007A572F /* Summary+CoreDataProperties.swift */; };
		723A374926E9179C008E8061 /* AppDelegate.swift in Sources */ = {isa = PBXBuildFile; fileRef = 723A374826E9179C008E8061 /* AppDelegate.swift */; };
		723A374B26E9179C008E8061 /* SceneDelegate.swift in Sources */ = {isa = PBXBuildFile; fileRef = 723A374A26E9179C008E8061 /* SceneDelegate.swift */; };
		723A374D26E9179C008E8061 /* ContentView.swift in Sources */ = {isa = PBXBuildFile; fileRef = 723A374C26E9179C008E8061 /* ContentView.swift */; };
		723A375026E9179D008E8061 /* DiceGame.xcdatamodeld in Sources */ = {isa = PBXBuildFile; fileRef = 723A374E26E9179D008E8061 /* DiceGame.xcdatamodeld */; };
		723A375226E917A5008E8061 /* Assets.xcassets in Resources */ = {isa = PBXBuildFile; fileRef = 723A375126E917A5008E8061 /* Assets.xcassets */; };
		723A375526E917A5008E8061 /* Preview Assets.xcassets in Resources */ = {isa = PBXBuildFile; fileRef = 723A375426E917A5008E8061 /* Preview Assets.xcassets */; };
		723A375826E917A5008E8061 /* LaunchScreen.storyboard in Resources */ = {isa = PBXBuildFile; fileRef = 723A375626E917A5008E8061 /* LaunchScreen.storyboard */; };
		72EF9A6026EA58CA00EBDE92 /* ResultsView.swift in Sources */ = {isa = PBXBuildFile; fileRef = 72EF9A5F26EA58CA00EBDE92 /* ResultsView.swift */; };
		72EF9A6226EA598F00EBDE92 /* Result.swift in Sources */ = {isa = PBXBuildFile; fileRef = 72EF9A6126EA598F00EBDE92 /* Result.swift */; };
/* End PBXBuildFile section */

/* Begin PBXFileReference section */
		721CED0626EBAA62007A572F /* Summary+CoreDataClass.swift */ = {isa = PBXFileReference; lastKnownFileType = sourcecode.swift; path = "Summary+CoreDataClass.swift"; sourceTree = "<group>"; };
		721CED0726EBAA62007A572F /* Summary+CoreDataProperties.swift */ = {isa = PBXFileReference; lastKnownFileType = sourcecode.swift; path = "Summary+CoreDataProperties.swift"; sourceTree = "<group>"; };
		723A374526E9179C008E8061 /* DiceGame.app */ = {isa = PBXFileReference; explicitFileType = wrapper.application; includeInIndex = 0; path = DiceGame.app; sourceTree = BUILT_PRODUCTS_DIR; };
		723A374826E9179C008E8061 /* AppDelegate.swift */ = {isa = PBXFileReference; lastKnownFileType = sourcecode.swift; path = AppDelegate.swift; sourceTree = "<group>"; };
		723A374A26E9179C008E8061 /* SceneDelegate.swift */ = {isa = PBXFileReference; lastKnownFileType = sourcecode.swift; path = SceneDelegate.swift; sourceTree = "<group>"; };
		723A374C26E9179C008E8061 /* ContentView.swift */ = {isa = PBXFileReference; lastKnownFileType = sourcecode.swift; path = ContentView.swift; sourceTree = "<group>"; };
		723A374F26E9179D008E8061 /* DiceGame.xcdatamodel */ = {isa = PBXFileReference; lastKnownFileType = wrapper.xcdatamodel; path = DiceGame.xcdatamodel; sourceTree = "<group>"; };
		723A375126E917A5008E8061 /* Assets.xcassets */ = {isa = PBXFileReference; lastKnownFileType = folder.assetcatalog; path = Assets.xcassets; sourceTree = "<group>"; };
		723A375426E917A5008E8061 /* Preview Assets.xcassets */ = {isa = PBXFileReference; lastKnownFileType = folder.assetcatalog; path = "Preview Assets.xcassets"; sourceTree = "<group>"; };
		723A375726E917A5008E8061 /* Base */ = {isa = PBXFileReference; lastKnownFileType = file.storyboard; name = Base; path = Base.lproj/LaunchScreen.storyboard; sourceTree = "<group>"; };
		723A375926E917A5008E8061 /* Info.plist */ = {isa = PBXFileReference; lastKnownFileType = text.plist.xml; path = Info.plist; sourceTree = "<group>"; };
		72EF9A5F26EA58CA00EBDE92 /* ResultsView.swift */ = {isa = PBXFileReference; lastKnownFileType = sourcecode.swift; path = ResultsView.swift; sourceTree = "<group>"; };
		72EF9A6126EA598F00EBDE92 /* Result.swift */ = {isa = PBXFileReference; lastKnownFileType = sourcecode.swift; path = Result.swift; sourceTree = "<group>"; };
/* End PBXFileReference section */

/* Begin PBXFrameworksBuildPhase section */
		723A374226E9179C008E8061 /* Frameworks */ = {
			isa = PBXFrameworksBuildPhase;
			buildActionMask = 2147483647;
			files = (
			);
			runOnlyForDeploymentPostprocessing = 0;
		};
/* End PBXFrameworksBuildPhase section */

/* Begin PBXGroup section */
		723A373C26E9179C008E8061 = {
			isa = PBXGroup;
			children = (
				721CED0626EBAA62007A572F /* Summary+CoreDataClass.swift */,
				721CED0726EBAA62007A572F /* Summary+CoreDataProperties.swift */,
				723A374726E9179C008E8061 /* DiceGame */,
				723A374626E9179C008E8061 /* Products */,
			);
			sourceTree = "<group>";
		};
		723A374626E9179C008E8061 /* Products */ = {
			isa = PBXGroup;
			children = (
				723A374526E9179C008E8061 /* DiceGame.app */,
			);
			name = Products;
			sourceTree = "<group>";
		};
		723A374726E9179C008E8061 /* DiceGame */ = {
			isa = PBXGroup;
			children = (
				723A374826E9179C008E8061 /* AppDelegate.swift */,
				723A374A26E9179C008E8061 /* SceneDelegate.swift */,
				723A374C26E9179C008E8061 /* ContentView.swift */,
				72EF9A6126EA598F00EBDE92 /* Result.swift */,
				72EF9A5F26EA58CA00EBDE92 /* ResultsView.swift */,
				723A375126E917A5008E8061 /* Assets.xcassets */,
				723A375626E917A5008E8061 /* LaunchScreen.storyboard */,
				723A375926E917A5008E8061 /* Info.plist */,
				723A374E26E9179D008E8061 /* DiceGame.xcdatamodeld */,
				723A375326E917A5008E8061 /* Preview Content */,
			);
			path = DiceGame;
			sourceTree = "<group>";
		};
		723A375326E917A5008E8061 /* Preview Content */ = {
			isa = PBXGroup;
			children = (
				723A375426E917A5008E8061 /* Preview Assets.xcassets */,
			);
			path = "Preview Content";
			sourceTree = "<group>";
		};
/* End PBXGroup section */

/* Begin PBXNativeTarget section */
		723A374426E9179C008E8061 /* DiceGame */ = {
			isa = PBXNativeTarget;
			buildConfigurationList = 723A375C26E917A5008E8061 /* Build configuration list for PBXNativeTarget "DiceGame" */;
			buildPhases = (
				723A374126E9179C008E8061 /* Sources */,
				723A374226E9179C008E8061 /* Frameworks */,
				723A374326E9179C008E8061 /* Resources */,
			);
			buildRules = (
			);
			dependencies = (
			);
			name = DiceGame;
			productName = DiceGame;
			productReference = 723A374526E9179C008E8061 /* DiceGame.app */;
			productType = "com.apple.product-type.application";
		};
/* End PBXNativeTarget section */

/* Begin PBXProject section */
		723A373D26E9179C008E8061 /* Project object */ = {
			isa = PBXProject;
			attributes = {
				LastSwiftUpdateCheck = 1250;
				LastUpgradeCheck = 1250;
				TargetAttributes = {
					723A374426E9179C008E8061 = {
						CreatedOnToolsVersion = 12.5;
					};
				};
			};
			buildConfigurationList = 723A374026E9179C008E8061 /* Build configuration list for PBXProject "DiceGame" */;
			compatibilityVersion = "Xcode 9.3";
			developmentRegion = en;
			hasScannedForEncodings = 0;
			knownRegions = (
				en,
				Base,
			);
			mainGroup = 723A373C26E9179C008E8061;
			productRefGroup = 723A374626E9179C008E8061 /* Products */;
			projectDirPath = "";
			projectRoot = "";
			targets = (
				723A374426E9179C008E8061 /* DiceGame */,
			);
		};
/* End PBXProject section */

/* Begin PBXResourcesBuildPhase section */
		723A374326E9179C008E8061 /* Resources */ = {
			isa = PBXResourcesBuildPhase;
			buildActionMask = 2147483647;
			files = (
				723A375826E917A5008E8061 /* LaunchScreen.storyboard in Resources */,
				723A375526E917A5008E8061 /* Preview Assets.xcassets in Resources */,
				723A375226E917A5008E8061 /* Assets.xcassets in Resources */,
			);
			runOnlyForDeploymentPostprocessing = 0;
		};
/* End PBXResourcesBuildPhase section */

/* Begin PBXSourcesBuildPhase section */
		723A374126E9179C008E8061 /* Sources */ = {
			isa = PBXSourcesBuildPhase;
			buildActionMask = 2147483647;
			files = (
				721CED0926EBAA62007A572F /* Summary+CoreDataProperties.swift in Sources */,
				723A375026E9179D008E8061 /* DiceGame.xcdatamodeld in Sources */,
				72EF9A6226EA598F00EBDE92 /* Result.swift in Sources */,
				723A374926E9179C008E8061 /* AppDelegate.swift in Sources */,
				723A374B26E9179C008E8061 /* SceneDelegate.swift in Sources */,
				72EF9A6026EA58CA00EBDE92 /* ResultsView.swift in Sources */,
				721CED0826EBAA62007A572F /* Summary+CoreDataClass.swift in Sources */,
				723A374D26E9179C008E8061 /* ContentView.swift in Sources */,
			);
			runOnlyForDeploymentPostprocessing = 0;
		};
/* End PBXSourcesBuildPhase section */

/* Begin PBXVariantGroup section */
		723A375626E917A5008E8061 /* LaunchScreen.storyboard */ = {
			isa = PBXVariantGroup;
			children = (
				723A375726E917A5008E8061 /* Base */,
			);
			name = LaunchScreen.storyboard;
			sourceTree = "<group>";
		};
/* End PBXVariantGroup section */

/* Begin XCBuildConfiguration section */
		723A375A26E917A5008E8061 /* Debug */ = {
			isa = XCBuildConfiguration;
			buildSettings = {
				ALWAYS_SEARCH_USER_PATHS = NO;
				CLANG_ANALYZER_NONNULL = YES;
				CLANG_ANALYZER_NUMBER_OBJECT_CONVERSION = YES_AGGRESSIVE;
				CLANG_CXX_LANGUAGE_STANDARD = "gnu++14";
				CLANG_CXX_LIBRARY = "libc++";
				CLANG_ENABLE_MODULES = YES;
				CLANG_ENABLE_OBJC_ARC = YES;
				CLANG_ENABLE_OBJC_WEAK = YES;
				CLANG_WARN_BLOCK_CAPTURE_AUTORELEASING = YES;
				CLANG_WARN_BOOL_CONVERSION = YES;
				CLANG_WARN_COMMA = YES;
				CLANG_WARN_CONSTANT_CONVERSION = YES;
				CLANG_WARN_DEPRECATED_OBJC_IMPLEMENTATIONS = YES;
				CLANG_WARN_DIRECT_OBJC_ISA_USAGE = YES_ERROR;
				CLANG_WARN_DOCUMENTATION_COMMENTS = YES;
				CLANG_WARN_EMPTY_BODY = YES;
				CLANG_WARN_ENUM_CONVERSION = YES;
				CLANG_WARN_INFINITE_RECURSION = YES;
				CLANG_WARN_INT_CONVERSION = YES;
				CLANG_WARN_NON_LITERAL_NULL_CONVERSION = YES;
				CLANG_WARN_OBJC_IMPLICIT_RETAIN_SELF = YES;
				CLANG_WARN_OBJC_LITERAL_CONVERSION = YES;
				CLANG_WARN_OBJC_ROOT_CLASS = YES_ERROR;
				CLANG_WARN_QUOTED_INCLUDE_IN_FRAMEWORK_HEADER = YES;
				CLANG_WARN_RANGE_LOOP_ANALYSIS = YES;
				CLANG_WARN_STRICT_PROTOTYPES = YES;
				CLANG_WARN_SUSPICIOUS_MOVE = YES;
				CLANG_WARN_UNGUARDED_AVAILABILITY = YES_AGGRESSIVE;
				CLANG_WARN_UNREACHABLE_CODE = YES;
				CLANG_WARN__DUPLICATE_METHOD_MATCH = YES;
				COPY_PHASE_STRIP = NO;
				DEBUG_INFORMATION_FORMAT = dwarf;
				ENABLE_STRICT_OBJC_MSGSEND = YES;
				ENABLE_TESTABILITY = YES;
				GCC_C_LANGUAGE_STANDARD = gnu11;
				GCC_DYNAMIC_NO_PIC = NO;
				GCC_NO_COMMON_BLOCKS = YES;
				GCC_OPTIMIZATION_LEVEL = 0;
				GCC_PREPROCESSOR_DEFINITIONS = (
					"DEBUG=1",
					"$(inherited)",
				);
				GCC_WARN_64_TO_32_BIT_CONVERSION = YES;
				GCC_WARN_ABOUT_RETURN_TYPE = YES_ERROR;
				GCC_WARN_UNDECLARED_SELECTOR = YES;
				GCC_WARN_UNINITIALIZED_AUTOS = YES_AGGRESSIVE;
				GCC_WARN_UNUSED_FUNCTION = YES;
				GCC_WARN_UNUSED_VARIABLE = YES;
				IPHONEOS_DEPLOYMENT_TARGET = 14.5;
				MTL_ENABLE_DEBUG_INFO = INCLUDE_SOURCE;
				MTL_FAST_MATH = YES;
				ONLY_ACTIVE_ARCH = YES;
				SDKROOT = iphoneos;
				SWIFT_ACTIVE_COMPILATION_CONDITIONS = DEBUG;
				SWIFT_OPTIMIZATION_LEVEL = "-Onone";
			};
			name = Debug;
		};
		723A375B26E917A5008E8061 /* Release */ = {
			isa = XCBuildConfiguration;
			buildSettings = {
				ALWAYS_SEARCH_USER_PATHS = NO;
				CLANG_ANALYZER_NONNULL = YES;
				CLANG_ANALYZER_NUMBER_OBJECT_CONVERSION = YES_AGGRESSIVE;
				CLANG_CXX_LANGUAGE_STANDARD = "gnu++14";
				CLANG_CXX_LIBRARY = "libc++";
				CLANG_ENABLE_MODULES = YES;
				CLANG_ENABLE_OBJC_ARC = YES;
				CLANG_ENABLE_OBJC_WEAK = YES;
				CLANG_WARN_BLOCK_CAPTURE_AUTORELEASING = YES;
				CLANG_WARN_BOOL_CONVERSION = YES;
				CLANG_WARN_COMMA = YES;
				CLANG_WARN_CONSTANT_CONVERSION = YES;
				CLANG_WARN_DEPRECATED_OBJC_IMPLEMENTATIONS = YES;
				CLANG_WARN_DIRECT_OBJC_ISA_USAGE = YES_ERROR;
				CLANG_WARN_DOCUMENTATION_COMMENTS = YES;
				CLANG_WARN_EMPTY_BODY = YES;
				CLANG_WARN_ENUM_CONVERSION = YES;
				CLANG_WARN_INFINITE_RECURSION = YES;
				CLANG_WARN_INT_CONVERSION = YES;
				CLANG_WARN_NON_LITERAL_NULL_CONVERSION = YES;
				CLANG_WARN_OBJC_IMPLICIT_RETAIN_SELF = YES;
				CLANG_WARN_OBJC_LITERAL_CONVERSION = YES;
				CLANG_WARN_OBJC_ROOT_CLASS = YES_ERROR;
				CLANG_WARN_QUOTED_INCLUDE_IN_FRAMEWORK_HEADER = YES;
				CLANG_WARN_RANGE_LOOP_ANALYSIS = YES;
				CLANG_WARN_STRICT_PROTOTYPES = YES;
				CLANG_WARN_SUSPICIOUS_MOVE = YES;
				CLANG_WARN_UNGUARDED_AVAILABILITY = YES_AGGRESSIVE;
				CLANG_WARN_UNREACHABLE_CODE = YES;
				CLANG_WARN__DUPLICATE_METHOD_MATCH = YES;
				COPY_PHASE_STRIP = NO;
				DEBUG_INFORMATION_FORMAT = "dwarf-with-dsym";
				ENABLE_NS_ASSERTIONS = NO;
				ENABLE_STRICT_OBJC_MSGSEND = YES;
				GCC_C_LANGUAGE_STANDARD = gnu11;
				GCC_NO_COMMON_BLOCKS = YES;
				GCC_WARN_64_TO_32_BIT_CONVERSION = YES;
				GCC_WARN_ABOUT_RETURN_TYPE = YES_ERROR;
				GCC_WARN_UNDECLARED_SELECTOR = YES;
				GCC_WARN_UNINITIALIZED_AUTOS = YES_AGGRESSIVE;
				GCC_WARN_UNUSED_FUNCTION = YES;
				GCC_WARN_UNUSED_VARIABLE = YES;
				IPHONEOS_DEPLOYMENT_TARGET = 14.5;
				MTL_ENABLE_DEBUG_INFO = NO;
				MTL_FAST_MATH = YES;
				SDKROOT = iphoneos;
				SWIFT_COMPILATION_MODE = wholemodule;
				SWIFT_OPTIMIZATION_LEVEL = "-O";
				VALIDATE_PRODUCT = YES;
			};
			name = Release;
		};
		723A375D26E917A5008E8061 /* Debug */ = {
			isa = XCBuildConfiguration;
			buildSettings = {
				ASSETCATALOG_COMPILER_APPICON_NAME = AppIcon;
				ASSETCATALOG_COMPILER_GLOBAL_ACCENT_COLOR_NAME = AccentColor;
				CODE_SIGN_STYLE = Automatic;
				DEVELOPMENT_ASSET_PATHS = "\"DiceGame/Preview Content\"";
				DEVELOPMENT_TEAM = S4G67KLBRN;
				ENABLE_PREVIEWS = YES;
				INFOPLIST_FILE = DiceGame/Info.plist;
				LD_RUNPATH_SEARCH_PATHS = (
					"$(inherited)",
					"@executable_path/Frameworks",
				);
				PRODUCT_BUNDLE_IDENTIFIER = "com.saj-panchal.herokuapp.DiceGame";
				PRODUCT_NAME = "$(TARGET_NAME)";
				SWIFT_VERSION = 5.0;
				TARGETED_DEVICE_FAMILY = "1,2";
			};
			name = Debug;
		};
		723A375E26E917A5008E8061 /* Release */ = {
			isa = XCBuildConfiguration;
			buildSettings = {
				ASSETCATALOG_COMPILER_APPICON_NAME = AppIcon;
				ASSETCATALOG_COMPILER_GLOBAL_ACCENT_COLOR_NAME = AccentColor;
				CODE_SIGN_STYLE = Automatic;
				DEVELOPMENT_ASSET_PATHS = "\"DiceGame/Preview Content\"";
				DEVELOPMENT_TEAM = S4G67KLBRN;
				ENABLE_PREVIEWS = YES;
				INFOPLIST_FILE = DiceGame/Info.plist;
				LD_RUNPATH_SEARCH_PATHS = (
					"$(inherited)",
					"@executable_path/Frameworks",
				);
				PRODUCT_BUNDLE_IDENTIFIER = "com.saj-panchal.herokuapp.DiceGame";
				PRODUCT_NAME = "$(TARGET_NAME)";
				SWIFT_VERSION = 5.0;
				TARGETED_DEVICE_FAMILY = "1,2";
			};
			name = Release;
		};
/* End XCBuildConfiguration section */

/* Begin XCConfigurationList section */
		723A374026E9179C008E8061 /* Build configuration list for PBXProject "DiceGame" */ = {
			isa = XCConfigurationList;
			buildConfigurations = (
				723A375A26E917A5008E8061 /* Debug */,
				723A375B26E917A5008E8061 /* Release */,
			);
			defaultConfigurationIsVisible = 0;
			defaultConfigurationName = Release;
		};
		723A375C26E917A5008E8061 /* Build configuration list for PBXNativeTarget "DiceGame" */ = {
			isa = XCConfigurationList;
			buildConfigurations = (
				723A375D26E917A5008E8061 /* Debug */,
				723A375E26E917A5008E8061 /* Release */,
			);
			defaultConfigurationIsVisible = 0;
			defaultConfigurationName = Release;
		};
/* End XCConfigurationList section */

/* Begin XCVersionGroup section */
		723A374E26E9179D008E8061 /* DiceGame.xcdatamodeld */ = {
			isa = XCVersionGroup;
			children = (
				723A374F26E9179D008E8061 /* DiceGame.xcdatamodel */,
			);
			currentVersion = 723A374F26E9179D008E8061 /* DiceGame.xcdatamodel */;
			path = DiceGame.xcdatamodeld;
			sourceTree = "<group>";
			versionGroupType = wrapper.xcdatamodel;
		};
/* End XCVersionGroup section */
	};
	rootObject = 723A373D26E9179C008E8061 /* Project object */;
}
